Microsoft Visual Studio Solution File, Format Version 12.00
# Visual Studio Version 17
VisualStudioVersion = 17.5.2.0
MinimumVisualStudioVersion = 10.0.40219.1
Project("{FAE04EC0-301F-11D3-BF4B-00C04F79EFBC}") = "ControlObraApi", "ControlObraApi.csproj", "{D161B524-A96C-60CD-2511-91476B75A51A}"
EndProject
Global
	GlobalSection(SolutionConfigurationPlatforms) = preSolution
		Debug|Any CPU = Debug|Any CPU
		Release|Any CPU = Release|Any CPU
	EndGlobalSection
	GlobalSection(ProjectConfigurationPlatforms) = postSolution
		{D161B524-A96C-60CD-2511-91476B75A51A}.Debug|Any CPU.ActiveCfg = Debug|Any CPU
		{D161B524-A96C-60CD-2511-91476B75A51A}.Debug|Any CPU.Build.0 = Debug|Any CPU
		{D161B524-A96C-60CD-2511-91476B75A51A}.Release|Any CPU.ActiveCfg = Release|Any CPU
		{D161B524-A96C-60CD-2511-91476B75A51A}.Release|Any CPU.Build.0 = Release|Any CPU
	EndGlobalSection
	GlobalSection(SolutionProperties) = preSolution
		HideSolutionNode = FALSE
	EndGlobalSection
	GlobalSection(ExtensibilityGlobals) = postSolution
		SolutionGuid = {1EFF56E8-3E4B-4155-87B2-FA1763B0EDB0}
	EndGlobalSection
EndGlobal
